
Microsoft Visual Studio Solution File, Format Version 12.00
# Visual Studio Version 17
VisualStudioVersion = 17.7.34202.233
MinimumVisualStudioVersion = 10.0.40219.1
Project("{FAE04EC0-301F-11D3-BF4B-00C04F79EFBC}") = "E_Greetings_Website", "E_Greetings_Website\E_Greetings_Website.csproj", "{ACFF2259-A833-4C80-9939-AAB67D76D2DF}"
EndProject
Global
	GlobalSection(SolutionConfigurationPlatforms) = preSolution
		Debug|Any CPU = Debug|Any CPU
		Release|Any CPU = Release|Any CPU
	EndGlobalSection
	GlobalSection(ProjectConfigurationPlatforms) = postSolution
		{ACFF2259-A833-4C80-9939-AAB67D76D2DF}.Debug|Any CPU.ActiveCfg = Debug|Any CPU
		{ACFF2259-A833-4C80-9939-AAB67D76D2DF}.Debug|Any CPU.Build.0 = Debug|Any CPU
		{ACFF2259-A833-4C80-9939-AAB67D76D2DF}.Release|Any CPU.ActiveCfg = Release|Any CPU
		{ACFF2259-A833-4C80-9939-AAB67D76D2DF}.Release|Any CPU.Build.0 = Release|Any CPU
	EndGlobalSection
	GlobalSection(SolutionProperties) = preSolution
		HideSolutionNode = FALSE
	EndGlobalSection
	GlobalSection(ExtensibilityGlobals) = postSolution
		SolutionGuid = {3945C7AE-5F6C-4253-97C3-F867EF4B1122}
	EndGlobalSection
EndGlobal
